PODS:
  - SnapKit (5.0.1)
  - SoftUIView (0.0.3)

DEPENDENCIES:
  - SnapKit
  - SoftUIView

SPEC REPOS:
  trunk:
    - SnapKit
    - SoftUIView

SPEC CHECKSUMS:
  SnapKit: 97b92857e3df3a0c71833cce143274bf6ef8e5eb
  SoftUIView: 6c17070dae6e7216d26d3be4745bafd202cdfb75

PODFILE CHECKSUM: a58ee22120ca94f2b5926a97553c00baf6a4dd25

COCOAPODS: 1.10.1
